
Microsoft Visual Studio Solution File, Format Version 12.00
# Visual Studio Version 17
VisualStudioVersion = 17.11.35327.3
MinimumVisualStudioVersion = 10.0.40219.1
Project("{9A19103F-16F7-4668-BE54-9A1E7A4F7556}") = "TH_TKPM_PXD", "TH_TKPM_PXD\TH_TKPM_PXD.csproj", "{B2913417-3060-4153-9067-E4C365CD8824}"
EndProject
Project("{9A19103F-16F7-4668-BE54-9A1E7A4F7556}") = "ASC.Business", "ASC.Business_new\ASC.Business.csproj", "{DA661F92-7220-4413-A0B4-D098EC52FEFD}"
EndProject
Project("{9A19103F-16F7-4668-BE54-9A1E7A4F7556}") = "ASC.DataAccess", "ASC.DataAccess_new\ASC.DataAccess.csproj", "{D5DECCF0-12F7-4BAD-BF33-E504CC69B2BC}"
EndProject
Project("{9A19103F-16F7-4668-BE54-9A1E7A4F7556}") = "ASC.Model", "ASC.Model_new\ASC.Model.csproj", "{F835FA06-E63A-40E5-9C8C-335AEBCF18D8}"
EndProject
Project("{9A19103F-16F7-4668-BE54-9A1E7A4F7556}") = "ASC.Utilities", "ASC.Utilities\ASC.Utilities.csproj", "{AE5E14AC-0F39-4B2C-946D-07257A295EA9}"
EndProject
Project("{FAE04EC0-301F-11D3-BF4B-00C04F79EFBC}") = "ASP.Tests", "ASP.Test\ASP.Tests.csproj", "{1B973656-39C1-4619-AB0A-48BA27407C67}"
EndProject
Global
	GlobalSection(SolutionConfigurationPlatforms) = preSolution
		Debug|Any CPU = Debug|Any CPU
		Release|Any CPU = Release|Any CPU
	EndGlobalSection
	GlobalSection(ProjectConfigurationPlatforms) = postSolution
		{B2913417-3060-4153-9067-E4C365CD8824}.Debug|Any CPU.ActiveCfg = Debug|Any CPU
		{B2913417-3060-4153-9067-E4C365CD8824}.Debug|Any CPU.Build.0 = Debug|Any CPU
		{B2913417-3060-4153-9067-E4C365CD8824}.Release|Any CPU.ActiveCfg = Release|Any CPU
		{B2913417-3060-4153-9067-E4C365CD8824}.Release|Any CPU.Build.0 = Release|Any CPU
		{DA661F92-7220-4413-A0B4-D098EC52FEFD}.Debug|Any CPU.ActiveCfg = Debug|Any CPU
		{DA661F92-7220-4413-A0B4-D098EC52FEFD}.Debug|Any CPU.Build.0 = Debug|Any CPU
		{DA661F92-7220-4413-A0B4-D098EC52FEFD}.Release|Any CPU.ActiveCfg = Release|Any CPU
		{DA661F92-7220-4413-A0B4-D098EC52FEFD}.Release|Any CPU.Build.0 = Release|Any CPU
		{D5DECCF0-12F7-4BAD-BF33-E504CC69B2BC}.Debug|Any CPU.ActiveCfg = Debug|Any CPU
		{D5DECCF0-12F7-4BAD-BF33-E504CC69B2BC}.Debug|Any CPU.Build.0 = Debug|Any CPU
		{D5DECCF0-12F7-4BAD-BF33-E504CC69B2BC}.Release|Any CPU.ActiveCfg = Release|Any CPU
		{D5DECCF0-12F7-4BAD-BF33-E504CC69B2BC}.Release|Any CPU.Build.0 = Release|Any CPU
		{F835FA06-E63A-40E5-9C8C-335AEBCF18D8}.Debug|Any CPU.ActiveCfg = Debug|Any CPU
		{F835FA06-E63A-40E5-9C8C-335AEBCF18D8}.Debug|Any CPU.Build.0 = Debug|Any CPU
		{F835FA06-E63A-40E5-9C8C-335AEBCF18D8}.Release|Any CPU.ActiveCfg = Release|Any CPU
		{F835FA06-E63A-40E5-9C8C-335AEBCF18D8}.Release|Any CPU.Build.0 = Release|Any CPU
		{AE5E14AC-0F39-4B2C-946D-07257A295EA9}.Debug|Any CPU.ActiveCfg = Debug|Any CPU
		{AE5E14AC-0F39-4B2C-946D-07257A295EA9}.Debug|Any CPU.Build.0 = Debug|Any CPU
		{AE5E14AC-0F39-4B2C-946D-07257A295EA9}.Release|Any CPU.ActiveCfg = Release|Any CPU
		{AE5E14AC-0F39-4B2C-946D-07257A295EA9}.Release|Any CPU.Build.0 = Release|Any CPU
		{1B973656-39C1-4619-AB0A-48BA27407C67}.Debug|Any CPU.ActiveCfg = Debug|Any CPU
		{1B973656-39C1-4619-AB0A-48BA27407C67}.Debug|Any CPU.Build.0 = Debug|Any CPU
		{1B973656-39C1-4619-AB0A-48BA27407C67}.Release|Any CPU.ActiveCfg = Release|Any CPU
		{1B973656-39C1-4619-AB0A-48BA27407C67}.Release|Any CPU.Build.0 = Release|Any CPU
	EndGlobalSection
	GlobalSection(SolutionProperties) = preSolution
		HideSolutionNode = FALSE
	EndGlobalSection
	GlobalSection(ExtensibilityGlobals) = postSolution
		SolutionGuid = {57EE67B3-74C4-42C9-8AF4-81EA2722F924}
	EndGlobalSection
EndGlobal
